
Microsoft Visual Studio Solution File, Format Version 12.00
# Visual Studio Version 16
VisualStudioVersion = 16.0.28917.181
MinimumVisualStudioVersion = 10.0.40219.1
Project("{FAE04EC0-301F-11D3-BF4B-00C04F79EFBC}") = "Skat Case", "Skat Case\Skat Case.csproj", "{7239FD30-9155-4BFD-8B9C-5F3CABA7A9C3}"
EndProject
Global
	GlobalSection(SolutionConfigurationPlatforms) = preSolution
		Debug|Any CPU = Debug|Any CPU
		Release|Any CPU = Release|Any CPU
	EndGlobalSection
	GlobalSection(ProjectConfigurationPlatforms) = postSolution
		{7239FD30-9155-4BFD-8B9C-5F3CABA7A9C3}.Debug|Any CPU.ActiveCfg = Debug|Any CPU
		{7239FD30-9155-4BFD-8B9C-5F3CABA7A9C3}.Debug|Any CPU.Build.0 = Debug|Any CPU
		{7239FD30-9155-4BFD-8B9C-5F3CABA7A9C3}.Release|Any CPU.ActiveCfg = Release|Any CPU
		{7239FD30-9155-4BFD-8B9C-5F3CABA7A9C3}.Release|Any CPU.Build.0 = Release|Any CPU
	EndGlobalSection
	GlobalSection(SolutionProperties) = preSolution
		HideSolutionNode = FALSE
	EndGlobalSection
	GlobalSection(ExtensibilityGlobals) = postSolution
		SolutionGuid = {0B454D70-690C-41E9-BA62-E52F1EF4D69A}
	EndGlobalSection
EndGlobal
